
Microsoft Visual Studio Solution File, Format Version 12.00
# Visual Studio 15
VisualStudioVersion = 15.0.26730.3
MinimumVisualStudioVersion = 10.0.40219.1
Project("{FAE04EC0-301F-11D3-BF4B-00C04F79EFBC}") = "Surface", "Surface\Surface.csproj", "{93963E3C-2302-43F3-9CF3-05922CC3AE2E}"
EndProject
Global
	GlobalSection(SolutionConfigurationPlatforms) = preSolution
		Debug|Any CPU = Debug|Any CPU
		Release|Any CPU = Release|Any CPU
	EndGlobalSection
	GlobalSection(ProjectConfigurationPlatforms) = postSolution
		{93963E3C-2302-43F3-9CF3-05922CC3AE2E}.Debug|Any CPU.ActiveCfg = Debug|Any CPU
		{93963E3C-2302-43F3-9CF3-05922CC3AE2E}.Debug|Any CPU.Build.0 = Debug|Any CPU
		{93963E3C-2302-43F3-9CF3-05922CC3AE2E}.Release|Any CPU.ActiveCfg = Release|Any CPU
		{93963E3C-2302-43F3-9CF3-05922CC3AE2E}.Release|Any CPU.Build.0 = Release|Any CPU
	EndGlobalSection
	GlobalSection(SolutionProperties) = preSolution
		HideSolutionNode = FALSE
	EndGlobalSection
	GlobalSection(ExtensibilityGlobals) = postSolution
		SolutionGuid = {7103ED9A-6E47-4170-AB3C-B11BB5A9FC28}
	EndGlobalSection
EndGlobal
